
Microsoft Visual Studio Solution File, Format Version 12.00
# Visual Studio Version 17
VisualStudioVersion = 17.7.34202.233
MinimumVisualStudioVersion = 10.0.40219.1
Project("{9A19103F-16F7-4668-BE54-9A1E7A4F7556}") = "Endava.TechCourse.BankApp.Server", "Server\Endava.TechCourse.BankApp.Server.csproj", "{89ECD709-59DB-4AFD-9214-C1DE8C0E4A25}"
EndProject
Project("{9A19103F-16F7-4668-BE54-9A1E7A4F7556}") = "Endava.TechCourse.BankApp.Client", "Client\Endava.TechCourse.BankApp.Client.csproj", "{15E3B994-5A4E-4F6F-898F-17E2B85658E0}"
EndProject
Project("{9A19103F-16F7-4668-BE54-9A1E7A4F7556}") = "Endava.TechCourse.BankApp.Shared", "Shared\Endava.TechCourse.BankApp.Shared.csproj", "{808F116A-2DDD-4B79-A1C2-0BBE0C81C751}"
EndProject
Project("{9A19103F-16F7-4668-BE54-9A1E7A4F7556}") = "Endava.TechCourse.BankApp.Domain", "Endava.TechCourse.BankApp.Domain\Endava.TechCourse.BankApp.Domain.csproj", "{937EBC55-5A73-4E32-89BA-7DB9E29FCE20}"
EndProject
Project("{9A19103F-16F7-4668-BE54-9A1E7A4F7556}") = "Endava.TechCourse.BankApp.Infrastructure", "Endava.TechCourse.BankApp.Infrastracture\Endava.TechCourse.BankApp.Infrastructure.csproj", "{973652A5-7A75-4279-9C9B-4E6F047EA32C}"
	ProjectSection(ProjectDependencies) = postProject
		{937EBC55-5A73-4E32-89BA-7DB9E29FCE20} = {937EBC55-5A73-4E32-89BA-7DB9E29FCE20}
	EndProjectSection
EndProject
Project("{9A19103F-16F7-4668-BE54-9A1E7A4F7556}") = "Endava.TechCourse.BankApp.Test", "Endava.TechCourse.BankApp.Test\Endava.TechCourse.BankApp.Test.csproj", "{3CC00295-25DD-4086-AD1B-37C5EBA671D5}"
EndProject
Project("{FAE04EC0-301F-11D3-BF4B-00C04F79EFBC}") = "Endava.TechCourse.BankApp.Application", "Endava.TechCourse.BankApp.Application\Endava.TechCourse.BankApp.Application.csproj", "{8279B4E3-2401-4C5B-8632-2B4220C41223}"
EndProject
Global
	GlobalSection(SolutionConfigurationPlatforms) = preSolution
		Debug|Any CPU = Debug|Any CPU
		Release|Any CPU = Release|Any CPU
	EndGlobalSection
	GlobalSection(ProjectConfigurationPlatforms) = postSolution
		{89ECD709-59DB-4AFD-9214-C1DE8C0E4A25}.Debug|Any CPU.ActiveCfg = Debug|Any CPU
		{89ECD709-59DB-4AFD-9214-C1DE8C0E4A25}.Debug|Any CPU.Build.0 = Debug|Any CPU
		{89ECD709-59DB-4AFD-9214-C1DE8C0E4A25}.Release|Any CPU.ActiveCfg = Release|Any CPU
		{89ECD709-59DB-4AFD-9214-C1DE8C0E4A25}.Release|Any CPU.Build.0 = Release|Any CPU
		{15E3B994-5A4E-4F6F-898F-17E2B85658E0}.Debug|Any CPU.ActiveCfg = Debug|Any CPU
		{15E3B994-5A4E-4F6F-898F-17E2B85658E0}.Debug|Any CPU.Build.0 = Debug|Any CPU
		{15E3B994-5A4E-4F6F-898F-17E2B85658E0}.Release|Any CPU.ActiveCfg = Release|Any CPU
		{15E3B994-5A4E-4F6F-898F-17E2B85658E0}.Release|Any CPU.Build.0 = Release|Any CPU
		{808F116A-2DDD-4B79-A1C2-0BBE0C81C751}.Debug|Any CPU.ActiveCfg = Debug|Any CPU
		{808F116A-2DDD-4B79-A1C2-0BBE0C81C751}.Debug|Any CPU.Build.0 = Debug|Any CPU
		{808F116A-2DDD-4B79-A1C2-0BBE0C81C751}.Release|Any CPU.ActiveCfg = Release|Any CPU
		{808F116A-2DDD-4B79-A1C2-0BBE0C81C751}.Release|Any CPU.Build.0 = Release|Any CPU
		{937EBC55-5A73-4E32-89BA-7DB9E29FCE20}.Debug|Any CPU.ActiveCfg = Debug|Any CPU
		{937EBC55-5A73-4E32-89BA-7DB9E29FCE20}.Debug|Any CPU.Build.0 = Debug|Any CPU
		{937EBC55-5A73-4E32-89BA-7DB9E29FCE20}.Release|Any CPU.ActiveCfg = Release|Any CPU
		{937EBC55-5A73-4E32-89BA-7DB9E29FCE20}.Release|Any CPU.Build.0 = Release|Any CPU
		{973652A5-7A75-4279-9C9B-4E6F047EA32C}.Debug|Any CPU.ActiveCfg = Debug|Any CPU
		{973652A5-7A75-4279-9C9B-4E6F047EA32C}.Debug|Any CPU.Build.0 = Debug|Any CPU
		{973652A5-7A75-4279-9C9B-4E6F047EA32C}.Release|Any CPU.ActiveCfg = Release|Any CPU
		{973652A5-7A75-4279-9C9B-4E6F047EA32C}.Release|Any CPU.Build.0 = Release|Any CPU
		{3CC00295-25DD-4086-AD1B-37C5EBA671D5}.Debug|Any CPU.ActiveCfg = Debug|Any CPU
		{3CC00295-25DD-4086-AD1B-37C5EBA671D5}.Debug|Any CPU.Build.0 = Debug|Any CPU
		{3CC00295-25DD-4086-AD1B-37C5EBA671D5}.Release|Any CPU.ActiveCfg = Release|Any CPU
		{3CC00295-25DD-4086-AD1B-37C5EBA671D5}.Release|Any CPU.Build.0 = Release|Any CPU
		{8279B4E3-2401-4C5B-8632-2B4220C41223}.Debug|Any CPU.ActiveCfg = Debug|Any CPU
		{8279B4E3-2401-4C5B-8632-2B4220C41223}.Debug|Any CPU.Build.0 = Debug|Any CPU
		{8279B4E3-2401-4C5B-8632-2B4220C41223}.Release|Any CPU.ActiveCfg = Release|Any CPU
		{8279B4E3-2401-4C5B-8632-2B4220C41223}.Release|Any CPU.Build.0 = Release|Any CPU
	EndGlobalSection
	GlobalSection(SolutionProperties) = preSolution
		HideSolutionNode = FALSE
	EndGlobalSection
	GlobalSection(ExtensibilityGlobals) = postSolution
		SolutionGuid = {637304DD-D7E2-49F7-ADE4-4E010E867862}
	EndGlobalSection
EndGlobal
